<?xml version="1.0" encoding="utf-8"?>
<Project ToolsVersion="4.0" xmlns="http://schemas.microsoft.com/developer/msbuild/2003">
  <ItemGroup>
    <Filter Include="Source Files">
      <UniqueIdentifier>{978d0e9b-a8a5-4553-8a49-4792dca63141}</UniqueIdentifier>
      <Extensions>cpp;c;cxx;rc;def;r;odl;idl;hpj;bat</Extensions>
    </Filter>
    <Filter Include="Header Files">
      <UniqueIdentifier>{87374719-9b5d-4f08-8a5f-25e4ef7a2e95}</UniqueIdentifier>
      <Extensions>h;hpp;hxx;hm;inl</Extensions>
    </Filter>
    <Filter Include="Resource Files">
      <UniqueIdentifier>{45bfb701-ed94-4cf9-b6e8-22517b9e755f}</UniqueIdentifier>
      <Extensions>ico;cur;bmp;dlg;rc2;rct;bin;rgs;gif;jpg;jpeg;jpe</Extensions>
    </Filter>
  </ItemGroup>
  <ItemGroup>
    <ClCompile Include="base64.cpp">
      <Filter>Source Files</Filter>
    </ClCompile>
    <ClCompile Include="EditSrvDlg.cpp">
      <Filter>Source Files</Filter>
    </ClCompile>
    <ClCompile Include="NetTS.cpp">
      <Filter>Source Files</Filter>
    </ClCompile>
    <ClCompile Include="ProxySetDlg.cpp">
      <Filter>Source Files</Filter>
    </ClCompile>
    <ClCompile Include="ProxySocket.cpp">
      <Filter>Source Files</Filter>
    </ClCompile>
    <ClCompile Include="QSProfile.cpp">
      <Filter>Source Files</Filter>
    </ClCompile>
    <ClCompile Include="SelectSrvDlg.cpp">
      <Filter>Source Files</Filter>
    </ClCompile>
    <ClCompile Include="SpTime.cpp">
      <Filter>Source Files</Filter>
    </ClCompile>
    <ClCompile Include="StdAfx.cpp">
      <Filter>Source Files</Filter>
    </ClCompile>
    <ClCompile Include="Stockdrv.cpp">
      <Filter>Source Files</Filter>
    </ClCompile>
    <ClCompile Include="tracetool.cpp">
      <Filter>Source Files</Filter>
    </ClCompile>
    <ClCompile Include="TSCache.cpp">
      <Filter>Source Files</Filter>
    </ClCompile>
    <ClCompile Include="TSWnd.cpp">
      <Filter>Source Files</Filter>
    </ClCompile>
    <ClCompile Include="TW.cpp">
      <Filter>Source Files</Filter>
    </ClCompile>
    <ClCompile Include="TWSocket.cpp">
      <Filter>Source Files</Filter>
    </ClCompile>
  </ItemGroup>
  <ItemGroup>
    <None Include="NetTS.def">
      <Filter>Source Files</Filter>
    </None>
    <None Include="res\NetTS.rc2">
      <Filter>Resource Files</Filter>
    </None>
  </ItemGroup>
  <ItemGroup>
    <ResourceCompile Include="NetTS.rc">
      <Filter>Source Files</Filter>
    </ResourceCompile>
  </ItemGroup>
  <ItemGroup>
    <ClInclude Include="base64.h">
      <Filter>Header Files</Filter>
    </ClInclude>
    <ClInclude Include="EditSrvDlg.h">
      <Filter>Header Files</Filter>
    </ClInclude>
    <ClInclude Include="ProxySetDlg.h">
      <Filter>Header Files</Filter>
    </ClInclude>
    <ClInclude Include="ProxySocket.h">
      <Filter>Header Files</Filter>
    </ClInclude>
    <ClInclude Include="QSProfile.h">
      <Filter>Header Files</Filter>
    </ClInclude>
    <ClInclude Include="Resource.h">
      <Filter>Header Files</Filter>
    </ClInclude>
    <ClInclude Include="SelectSrvDlg.h">
      <Filter>Header Files</Filter>
    </ClInclude>
    <ClInclude Include="SpTime.h">
      <Filter>Header Files</Filter>
    </ClInclude>
    <ClInclude Include="StdAfx.h">
      <Filter>Header Files</Filter>
    </ClInclude>
    <ClInclude Include="Stockdrv.h">
      <Filter>Header Files</Filter>
    </ClInclude>
    <ClInclude Include="tracetool.h">
      <Filter>Header Files</Filter>
    </ClInclude>
    <ClInclude Include="TSCache.h">
      <Filter>Header Files</Filter>
    </ClInclude>
    <ClInclude Include="TSWnd.h">
      <Filter>Header Files</Filter>
    </ClInclude>
    <ClInclude Include="TW.h">
      <Filter>Header Files</Filter>
    </ClInclude>
    <ClInclude Include="TWSocket.h">
      <Filter>Header Files</Filter>
    </ClInclude>
  </ItemGroup>
  <ItemGroup>
    <Text Include="ReadMe.txt" />
  </ItemGroup>
</Project>